{
  "name": "dataly-v2",
  "lockfileVersion": 3,
  "requires": true,
  "packages": {
    "": {
      "dependencies": {
        "text-diff": "^1.0.1"
      }
    },
    "node_modules/text-diff": {
      "version": "1.0.1",
      "resolved": "https://registry.npmjs.org/text-diff/-/text-diff-1.0.1.tgz",
      "integrity": "sha512-jAnlP3ggZk7FeLX1awaMR8Y2sMyil9P9FXvNjaIJIQBAom1zvpKGGH31htOVrUFp0vlyygmJJpNrbJ4rfjsxrA==",
      "license": "Apache-2.0"
    }
  }
}
